
Microsoft Visual Studio Solution File, Format Version 11.00
# Visual Studio 2010
Project("{FAE04EC0-301F-11D3-BF4B-00C04F79EFBC}") = "combobox", "combobox\combobox.csproj", "{298F830D-73BA-480E-BE09-66F3BE6BDC13}"
EndProject
Global
	GlobalSection(SolutionConfigurationPlatforms) = preSolution
		Debug|x86 = Debug|x86
		Release|x86 = Release|x86
	EndGlobalSection
	GlobalSection(ProjectConfigurationPlatforms) = postSolution
		{298F830D-73BA-480E-BE09-66F3BE6BDC13}.Debug|x86.ActiveCfg = Debug|x86
		{298F830D-73BA-480E-BE09-66F3BE6BDC13}.Debug|x86.Build.0 = Debug|x86
		{298F830D-73BA-480E-BE09-66F3BE6BDC13}.Release|x86.ActiveCfg = Release|x86
		{298F830D-73BA-480E-BE09-66F3BE6BDC13}.Release|x86.Build.0 = Release|x86
	EndGlobalSection
	GlobalSection(SolutionProperties) = preSolution
		HideSolutionNode = FALSE
	EndGlobalSection
EndGlobal
