
Microsoft Visual Studio Solution File, Format Version 11.00
# Visual Studio 2010
Project("{FAE04EC0-301F-11D3-BF4B-00C04F79EFBC}") = "radio button", "radio button\radio button.csproj", "{85B97A73-8A21-4E93-B4AA-88DE40AC66A0}"
EndProject
Global
	GlobalSection(SolutionConfigurationPlatforms) = preSolution
		Debug|x86 = Debug|x86
		Release|x86 = Release|x86
	EndGlobalSection
	GlobalSection(ProjectConfigurationPlatforms) = postSolution
		{85B97A73-8A21-4E93-B4AA-88DE40AC66A0}.Debug|x86.ActiveCfg = Debug|x86
		{85B97A73-8A21-4E93-B4AA-88DE40AC66A0}.Debug|x86.Build.0 = Debug|x86
		{85B97A73-8A21-4E93-B4AA-88DE40AC66A0}.Release|x86.ActiveCfg = Release|x86
		{85B97A73-8A21-4E93-B4AA-88DE40AC66A0}.Release|x86.Build.0 = Release|x86
	EndGlobalSection
	GlobalSection(SolutionProperties) = preSolution
		HideSolutionNode = FALSE
	EndGlobalSection
EndGlobal
