
Microsoft Visual Studio Solution File, Format Version 12.00
# Visual Studio Version 17
VisualStudioVersion = 17.8.34525.116
MinimumVisualStudioVersion = 10.0.40219.1
Project("{FAE04EC0-301F-11D3-BF4B-00C04F79EFBC}") = "Img_upload", "Img_upload\Img_upload.csproj", "{37EBC8ED-6EEE-47C6-8DCF-336256D97AED}"
EndProject
Global
	GlobalSection(SolutionConfigurationPlatforms) = preSolution
		Debug|Any CPU = Debug|Any CPU
		Release|Any CPU = Release|Any CPU
	EndGlobalSection
	GlobalSection(ProjectConfigurationPlatforms) = postSolution
		{37EBC8ED-6EEE-47C6-8DCF-336256D97AED}.Debug|Any CPU.ActiveCfg = Debug|Any CPU
		{37EBC8ED-6EEE-47C6-8DCF-336256D97AED}.Debug|Any CPU.Build.0 = Debug|Any CPU
		{37EBC8ED-6EEE-47C6-8DCF-336256D97AED}.Release|Any CPU.ActiveCfg = Release|Any CPU
		{37EBC8ED-6EEE-47C6-8DCF-336256D97AED}.Release|Any CPU.Build.0 = Release|Any CPU
	EndGlobalSection
	GlobalSection(SolutionProperties) = preSolution
		HideSolutionNode = FALSE
	EndGlobalSection
	GlobalSection(ExtensibilityGlobals) = postSolution
		SolutionGuid = {42783987-442E-46F1-AEF5-8FAE7AAB2998}
	EndGlobalSection
EndGlobal
