
Microsoft Visual Studio Solution File, Format Version 12.00
# Visual Studio Version 17
VisualStudioVersion = 17.8.34525.116
MinimumVisualStudioVersion = 10.0.40219.1
Project("{FAE04EC0-301F-11D3-BF4B-00C04F79EFBC}") = "CrudOperations1", "CrudOperations1.csproj", "{1E72F3C0-9177-4D18-8908-458CA45C354D}"
EndProject
Global
	GlobalSection(SolutionConfigurationPlatforms) = preSolution
		Debug|Any CPU = Debug|Any CPU
		Release|Any CPU = Release|Any CPU
	EndGlobalSection
	GlobalSection(ProjectConfigurationPlatforms) = postSolution
		{1E72F3C0-9177-4D18-8908-458CA45C354D}.Debug|Any CPU.ActiveCfg = Debug|Any CPU
		{1E72F3C0-9177-4D18-8908-458CA45C354D}.Debug|Any CPU.Build.0 = Debug|Any CPU
		{1E72F3C0-9177-4D18-8908-458CA45C354D}.Release|Any CPU.ActiveCfg = Release|Any CPU
		{1E72F3C0-9177-4D18-8908-458CA45C354D}.Release|Any CPU.Build.0 = Release|Any CPU
	EndGlobalSection
	GlobalSection(SolutionProperties) = preSolution
		HideSolutionNode = FALSE
	EndGlobalSection
	GlobalSection(ExtensibilityGlobals) = postSolution
		SolutionGuid = {5E52087E-439E-40AB-9F35-9B54029EABFE}
	EndGlobalSection
EndGlobal
